
Microsoft Visual Studio Solution File, Format Version 12.00
# Visual Studio Version 17
VisualStudioVersion = 17.8.34330.188
MinimumVisualStudioVersion = 10.0.40219.1
Project("{FAE04EC0-301F-11D3-BF4B-00C04F79EFBC}") = "TeknikEnvanter_1", "TeknikEnvanter_1\TeknikEnvanter_1.csproj", "{1A024A44-BD0E-45BA-9150-D64201CC423A}"
EndProject
Global
	GlobalSection(SolutionConfigurationPlatforms) = preSolution
		Debug|Any CPU = Debug|Any CPU
		Release|Any CPU = Release|Any CPU
	EndGlobalSection
	GlobalSection(ProjectConfigurationPlatforms) = postSolution
		{1A024A44-BD0E-45BA-9150-D64201CC423A}.Debug|Any CPU.ActiveCfg = Debug|Any CPU
		{1A024A44-BD0E-45BA-9150-D64201CC423A}.Debug|Any CPU.Build.0 = Debug|Any CPU
		{1A024A44-BD0E-45BA-9150-D64201CC423A}.Release|Any CPU.ActiveCfg = Release|Any CPU
		{1A024A44-BD0E-45BA-9150-D64201CC423A}.Release|Any CPU.Build.0 = Release|Any CPU
	EndGlobalSection
	GlobalSection(SolutionProperties) = preSolution
		HideSolutionNode = FALSE
	EndGlobalSection
	GlobalSection(ExtensibilityGlobals) = postSolution
		SolutionGuid = {48AEE2E9-1ACA-4E65-B55D-0BFCF43CEC52}
	EndGlobalSection
EndGlobal
